
Microsoft Visual Studio Solution File, Format Version 12.00
# Visual Studio Version 16
VisualStudioVersion = 16.0.30907.101
MinimumVisualStudioVersion = 10.0.40219.1
Project("{9A19103F-16F7-4668-BE54-9A1E7A4F7556}") = "Sous_Cloud_Pantry", "Sous_Cloud_Pantry\Sous_Cloud_Pantry.csproj", "{C4813BAF-A349-48D7-A107-D3AD0AFEB11B}"
EndProject
Global
	GlobalSection(SolutionConfigurationPlatforms) = preSolution
		Debug|Any CPU = Debug|Any CPU
		Release|Any CPU = Release|Any CPU
	EndGlobalSection
	GlobalSection(ProjectConfigurationPlatforms) = postSolution
		{C4813BAF-A349-48D7-A107-D3AD0AFEB11B}.Debug|Any CPU.ActiveCfg = Debug|Any CPU
		{C4813BAF-A349-48D7-A107-D3AD0AFEB11B}.Debug|Any CPU.Build.0 = Debug|Any CPU
		{C4813BAF-A349-48D7-A107-D3AD0AFEB11B}.Release|Any CPU.ActiveCfg = Release|Any CPU
		{C4813BAF-A349-48D7-A107-D3AD0AFEB11B}.Release|Any CPU.Build.0 = Release|Any CPU
	EndGlobalSection
	GlobalSection(SolutionProperties) = preSolution
		HideSolutionNode = FALSE
	EndGlobalSection
	GlobalSection(ExtensibilityGlobals) = postSolution
		SolutionGuid = {2FA82AB4-1B84-41D6-98C7-DAD0D9FA9D50}
	EndGlobalSection
EndGlobal
